// !$*UTF8*$!
{
	archiveVersion = 1;
	classes = {
	};
	objectVersion = 50;
	objects = {

/* Begin PBXBuildFile section */
		B900FD61215C592800D48B44 /* ListTableViewController.swift in Sources */ = {isa = PBXBuildFile; fileRef = B900FD5C215C592800D48B44 /* ListTableViewController.swift */; };
		B900FD62215C592800D48B44 /* RestAdapter.swift in Sources */ = {isa = PBXBuildFile; fileRef = B900FD5E215C592800D48B44 /* RestAdapter.swift */; };
		B900FD64215C595C00D48B44 /* BaseViewModel.swift in Sources */ = {isa = PBXBuildFile; fileRef = B900FD63215C595C00D48B44 /* BaseViewModel.swift */; };
		B900FD66215C59D200D48B44 /* BaseDataModel.swift in Sources */ = {isa = PBXBuildFile; fileRef = B900FD65215C59D200D48B44 /* BaseDataModel.swift */; };
		B900FD68215C64A200D48B44 /* ListDataModel.swift in Sources */ = {isa = PBXBuildFile; fileRef = B900FD67215C64A200D48B44 /* ListDataModel.swift */; };
		B900FD6A215C64C500D48B44 /* ListViewModel.swift in Sources */ = {isa = PBXBuildFile; fileRef = B900FD69215C64C500D48B44 /* ListViewModel.swift */; };
		B900FD6F215D66E000D48B44 /* DetailsViewController.swift in Sources */ = {isa = PBXBuildFile; fileRef = B900FD6E215D66E000D48B44 /* DetailsViewController.swift */; };
		B900FD71215D66FE00D48B44 /* DetailsViewModel.swift in Sources */ = {isa = PBXBuildFile; fileRef = B900FD70215D66FE00D48B44 /* DetailsViewModel.swift */; };
		B900FD73215D671600D48B44 /* DetailsDataModel.swift in Sources */ = {isa = PBXBuildFile; fileRef = B900FD72215D671600D48B44 /* DetailsDataModel.swift */; };
		B900FD75215FDD3800D48B44 /* BaseInjectionSegue.swift in Sources */ = {isa = PBXBuildFile; fileRef = B900FD74215FDD3800D48B44 /* BaseInjectionSegue.swift */; };
		B900FD79215FF68900D48B44 /* BaseInjectionPattern.swift in Sources */ = {isa = PBXBuildFile; fileRef = B900FD78215FF68900D48B44 /* BaseInjectionPattern.swift */; };
		B900FD7D21600D6900D48B44 /* ListJsonDecode.swift in Sources */ = {isa = PBXBuildFile; fileRef = B900FD7C21600D6900D48B44 /* ListJsonDecode.swift */; };
		B900FD7F2160134400D48B44 /* BaseViewModelPattern.swift in Sources */ = {isa = PBXBuildFile; fileRef = B900FD7E2160134400D48B44 /* BaseViewModelPattern.swift */; };
		B900FD822161299C00D48B44 /* PreviewViewController.swift in Sources */ = {isa = PBXBuildFile; fileRef = B900FD812161299C00D48B44 /* PreviewViewController.swift */; };
		B900FD8421612D5D00D48B44 /* PreviewViewModel.swift in Sources */ = {isa = PBXBuildFile; fileRef = B900FD8321612D5D00D48B44 /* PreviewViewModel.swift */; };
		B900FD8621612D8400D48B44 /* PreviewDataModel.swift in Sources */ = {isa = PBXBuildFile; fileRef = B900FD8521612D8400D48B44 /* PreviewDataModel.swift */; };
		B94760A22162626B004A3499 /* List.json in Resources */ = {isa = PBXBuildFile; fileRef = B94760A12162626B004A3499 /* List.json */; };
		B94760A921626777004A3499 /* LaunchScreen.storyboard in Resources */ = {isa = PBXBuildFile; fileRef = B94760A421626777004A3499 /* LaunchScreen.storyboard */; };
		B94760AA21626777004A3499 /* Main.storyboard in Resources */ = {isa = PBXBuildFile; fileRef = B94760A621626777004A3499 /* Main.storyboard */; };
		B94760AB21626777004A3499 /* Assets.xcassets in Resources */ = {isa = PBXBuildFile; fileRef = B94760A821626777004A3499 /* Assets.xcassets */; };
		B94C3757215B05A300BA7267 /* AppDelegate.swift in Sources */ = {isa = PBXBuildFile; fileRef = B94C3756215B05A300BA7267 /* AppDelegate.swift */; };
		B94C376C215B05A600BA7267 /* DependencyInjectionTests.swift in Sources */ = {isa = PBXBuildFile; fileRef = B94C376B215B05A600BA7267 /* DependencyInjectionTests.swift */; };
		B94C3777215B05A600BA7267 /* DependencyInjectionUITests.swift in Sources */ = {isa = PBXBuildFile; fileRef = B94C3776215B05A600BA7267 /* DependencyInjectionUITests.swift */; };
/* End PBXBuildFile section */

/* Begin PBXContainerItemProxy section */
		B94C3768215B05A600BA7267 /* PBXContainerItemProxy */ = {
			isa = PBXContainerItemProxy;
			containerPortal = B94C374B215B05A300BA7267 /* Project object */;
			proxyType = 1;
			remoteGlobalIDString = B94C3752215B05A300BA7267;
			remoteInfo = DependencyInjection;
		};
		B94C3773215B05A600BA7267 /* PBXContainerItemProxy */ = {
			isa = PBXContainerItemProxy;
			containerPortal = B94C374B215B05A300BA7267 /* Project object */;
			proxyType = 1;
			remoteGlobalIDString = B94C3752215B05A300BA7267;
			remoteInfo = DependencyInjection;
		};
/* End PBXContainerItemProxy section */

/* Begin PBXFileReference section */
		B900FD5C215C592800D48B44 /* ListTableViewController.swift */ = {isa = PBXFileReference; fileEncoding = 4; lastKnownFileType = sourcecode.swift; path = ListTableViewController.swift; sourceTree = "<group>"; };
		B900FD5E215C592800D48B44 /* RestAdapter.swift */ = {isa = PBXFileReference; fileEncoding = 4; lastKnownFileType = sourcecode.swift; path = RestAdapter.swift; sourceTree = "<group>"; };
		B900FD63215C595C00D48B44 /* BaseViewModel.swift */ = {isa = PBXFileReference; lastKnownFileType = sourcecode.swift; path = BaseViewModel.swift; sourceTree = "<group>"; };
		B900FD65215C59D200D48B44 /* BaseDataModel.swift */ = {isa = PBXFileReference; lastKnownFileType = sourcecode.swift; path = BaseDataModel.swift; sourceTree = "<group>"; };
		B900FD67215C64A200D48B44 /* ListDataModel.swift */ = {isa = PBXFileReference; lastKnownFileType = sourcecode.swift; path = ListDataModel.swift; sourceTree = "<group>"; };
		B900FD69215C64C500D48B44 /* ListViewModel.swift */ = {isa = PBXFileReference; lastKnownFileType = sourcecode.swift; path = ListViewModel.swift; sourceTree = "<group>"; };
		B900FD6E215D66E000D48B44 /* DetailsViewController.swift */ = {isa = PBXFileReference; lastKnownFileType = sourcecode.swift; path = DetailsViewController.swift; sourceTree = "<group>"; };
		B900FD70215D66FE00D48B44 /* DetailsViewModel.swift */ = {isa = PBXFileReference; lastKnownFileType = sourcecode.swift; path = DetailsViewModel.swift; sourceTree = "<group>"; };
		B900FD72215D671600D48B44 /* DetailsDataModel.swift */ = {isa = PBXFileReference; lastKnownFileType = sourcecode.swift; path = DetailsDataModel.swift; sourceTree = "<group>"; };
		B900FD74215FDD3800D48B44 /* BaseInjectionSegue.swift */ = {isa = PBXFileReference; lastKnownFileType = sourcecode.swift; path = BaseInjectionSegue.swift; sourceTree = "<group>"; };
		B900FD78215FF68900D48B44 /* BaseInjectionPattern.swift */ = {isa = PBXFileReference; lastKnownFileType = sourcecode.swift; path = BaseInjectionPattern.swift; sourceTree = "<group>"; };
		B900FD7C21600D6900D48B44 /* ListJsonDecode.swift */ = {isa = PBXFileReference; lastKnownFileType = sourcecode.swift; path = ListJsonDecode.swift; sourceTree = "<group>"; };
		B900FD7E2160134400D48B44 /* BaseViewModelPattern.swift */ = {isa = PBXFileReference; lastKnownFileType = sourcecode.swift; path = BaseViewModelPattern.swift; sourceTree = "<group>"; };
		B900FD812161299C00D48B44 /* PreviewViewController.swift */ = {isa = PBXFileReference; lastKnownFileType = sourcecode.swift; path = PreviewViewController.swift; sourceTree = "<group>"; };
		B900FD8321612D5D00D48B44 /* PreviewViewModel.swift */ = {isa = PBXFileReference; lastKnownFileType = sourcecode.swift; path = PreviewViewModel.swift; sourceTree = "<group>"; };
		B900FD8521612D8400D48B44 /* PreviewDataModel.swift */ = {isa = PBXFileReference; lastKnownFileType = sourcecode.swift; path = PreviewDataModel.swift; sourceTree = "<group>"; };
		B94760A12162626B004A3499 /* List.json */ = {isa = PBXFileReference; lastKnownFileType = text.json; path = List.json; sourceTree = "<group>"; };
		B94760A521626777004A3499 /* Base */ = {isa = PBXFileReference; lastKnownFileType = file.storyboard; name = Base; path = LaunchScreen.storyboard; sourceTree = "<group>"; };
		B94760A721626777004A3499 /* Base */ = {isa = PBXFileReference; lastKnownFileType = file.storyboard; name = Base; path = Main.storyboard; sourceTree = "<group>"; };
		B94760A821626777004A3499 /* Assets.xcassets */ = {isa = PBXFileReference; lastKnownFileType = folder.assetcatalog; path = Assets.xcassets; sourceTree = "<group>"; };
		B94C3753215B05A300BA7267 /* DependencyInjection.app */ = {isa = PBXFileReference; explicitFileType = wrapper.application; includeInIndex = 0; path = DependencyInjection.app; sourceTree = BUILT_PRODUCTS_DIR; };
		B94C3756215B05A300BA7267 /* AppDelegate.swift */ = {isa = PBXFileReference; lastKnownFileType = sourcecode.swift; path = AppDelegate.swift; sourceTree = "<group>"; };
		B94C3762215B05A600BA7267 /* Info.plist */ = {isa = PBXFileReference; lastKnownFileType = text.plist.xml; path = Info.plist; sourceTree = "<group>"; };
		B94C3767215B05A600BA7267 /* DependencyInjectionTests.xctest */ = {isa = PBXFileReference; explicitFileType = wrapper.cfbundle; includeInIndex = 0; path = DependencyInjectionTests.xctest; sourceTree = BUILT_PRODUCTS_DIR; };
		B94C376B215B05A600BA7267 /* DependencyInjectionTests.swift */ = {isa = PBXFileReference; lastKnownFileType = sourcecode.swift; path = DependencyInjectionTests.swift; sourceTree = "<group>"; };
		B94C376D215B05A600BA7267 /* Info.plist */ = {isa = PBXFileReference; lastKnownFileType = text.plist.xml; path = Info.plist; sourceTree = "<group>"; };
		B94C3772215B05A600BA7267 /* DependencyInjectionUITests.xctest */ = {isa = PBXFileReference; explicitFileType = wrapper.cfbundle; includeInIndex = 0; path = DependencyInjectionUITests.xctest; sourceTree = BUILT_PRODUCTS_DIR; };
		B94C3776215B05A600BA7267 /* DependencyInjectionUITests.swift */ = {isa = PBXFileReference; lastKnownFileType = sourcecode.swift; path = DependencyInjectionUITests.swift; sourceTree = "<group>"; };
		B94C3778215B05A600BA7267 /* Info.plist */ = {isa = PBXFileReference; lastKnownFileType = text.plist.xml; path = Info.plist; sourceTree = "<group>"; };
/* End PBXFileReference section */

/* Begin PBXFrameworksBuildPhase section */
		B94C3750215B05A300BA7267 /* Frameworks */ = {
			isa = PBXFrameworksBuildPhase;
			buildActionMask = 2147483647;
			files = (
			);
			runOnlyForDeploymentPostprocessing = 0;
		};
		B94C3764215B05A600BA7267 /* Frameworks */ = {
			isa = PBXFrameworksBuildPhase;
			buildActionMask = 2147483647;
			files = (
			);
			runOnlyForDeploymentPostprocessing = 0;
		};
		B94C376F215B05A600BA7267 /* Frameworks */ = {
			isa = PBXFrameworksBuildPhase;
			buildActionMask = 2147483647;
			files = (
			);
			runOnlyForDeploymentPostprocessing = 0;
		};
/* End PBXFrameworksBuildPhase section */

/* Begin PBXGroup section */
		B900FD58215C592800D48B44 /* Classes */ = {
			isa = PBXGroup;
			children = (
				B94C3756215B05A300BA7267 /* AppDelegate.swift */,
				B900FD7B21600A9E00D48B44 /* JsonDecoding */,
				B900FD59215C592800D48B44 /* App Screens */,
				B900FD5D215C592800D48B44 /* Rest Adapter */,
				B900FD5F215C592800D48B44 /* Base Classes */,
			);
			path = Classes;
			sourceTree = "<group>";
		};
		B900FD59215C592800D48B44 /* App Screens */ = {
			isa = PBXGroup;
			children = (
				B900FD5A215C592800D48B44 /* List */,
				B900FD6D215D66B100D48B44 /* Detail */,
				B900FD802161294F00D48B44 /* Preview */,
			);
			path = "App Screens";
			sourceTree = "<group>";
		};
		B900FD5A215C592800D48B44 /* List */ = {
			isa = PBXGroup;
			children = (
				B900FD5C215C592800D48B44 /* ListTableViewController.swift */,
				B900FD69215C64C500D48B44 /* ListViewModel.swift */,
				B900FD67215C64A200D48B44 /* ListDataModel.swift */,
			);
			path = List;
			sourceTree = "<group>";
		};
		B900FD5D215C592800D48B44 /* Rest Adapter */ = {
			isa = PBXGroup;
			children = (
				B900FD5E215C592800D48B44 /* RestAdapter.swift */,
			);
			path = "Rest Adapter";
			sourceTree = "<group>";
		};
		B900FD5F215C592800D48B44 /* Base Classes */ = {
			isa = PBXGroup;
			children = (
				B900FD63215C595C00D48B44 /* BaseViewModel.swift */,
				B900FD65215C59D200D48B44 /* BaseDataModel.swift */,
				B900FD74215FDD3800D48B44 /* BaseInjectionSegue.swift */,
				B900FD78215FF68900D48B44 /* BaseInjectionPattern.swift */,
				B900FD7E2160134400D48B44 /* BaseViewModelPattern.swift */,
			);
			path = "Base Classes";
			sourceTree = "<group>";
		};
		B900FD6D215D66B100D48B44 /* Detail */ = {
			isa = PBXGroup;
			children = (
				B900FD6E215D66E000D48B44 /* DetailsViewController.swift */,
				B900FD70215D66FE00D48B44 /* DetailsViewModel.swift */,
				B900FD72215D671600D48B44 /* DetailsDataModel.swift */,
			);
			path = Detail;
			sourceTree = "<group>";
		};
		B900FD7B21600A9E00D48B44 /* JsonDecoding */ = {
			isa = PBXGroup;
			children = (
				B900FD7C21600D6900D48B44 /* ListJsonDecode.swift */,
			);
			path = JsonDecoding;
			sourceTree = "<group>";
		};
		B900FD802161294F00D48B44 /* Preview */ = {
			isa = PBXGroup;
			children = (
				B900FD812161299C00D48B44 /* PreviewViewController.swift */,
				B900FD8321612D5D00D48B44 /* PreviewViewModel.swift */,
				B900FD8521612D8400D48B44 /* PreviewDataModel.swift */,
			);
			path = Preview;
			sourceTree = "<group>";
		};
		B947609F21626176004A3499 /* Resources */ = {
			isa = PBXGroup;
			children = (
				B94760A021626176004A3499 /* Json */,
				B94760A821626777004A3499 /* Assets.xcassets */,
				B94760A321626777004A3499 /* Base.lproj */,
			);
			path = Resources;
			sourceTree = "<group>";
		};
		B94760A021626176004A3499 /* Json */ = {
			isa = PBXGroup;
			children = (
				B94760A12162626B004A3499 /* List.json */,
			);
			path = Json;
			sourceTree = "<group>";
		};
		B94760A321626777004A3499 /* Base.lproj */ = {
			isa = PBXGroup;
			children = (
				B94760A421626777004A3499 /* LaunchScreen.storyboard */,
				B94760A621626777004A3499 /* Main.storyboard */,
			);
			path = Base.lproj;
			sourceTree = "<group>";
		};
		B94C374A215B05A300BA7267 = {
			isa = PBXGroup;
			children = (
				B94C3755215B05A300BA7267 /* DependencyInjection */,
				B94C376A215B05A600BA7267 /* DependencyInjectionTests */,
				B94C3775215B05A600BA7267 /* DependencyInjectionUITests */,
				B94C3754215B05A300BA7267 /* Products */,
			);
			sourceTree = "<group>";
		};
		B94C3754215B05A300BA7267 /* Products */ = {
			isa = PBXGroup;
			children = (
				B94C3753215B05A300BA7267 /* DependencyInjection.app */,
				B94C3767215B05A600BA7267 /* DependencyInjectionTests.xctest */,
				B94C3772215B05A600BA7267 /* DependencyInjectionUITests.xctest */,
			);
			name = Products;
			sourceTree = "<group>";
		};
		B94C3755215B05A300BA7267 /* DependencyInjection */ = {
			isa = PBXGroup;
			children = (
				B900FD58215C592800D48B44 /* Classes */,
				B947609F21626176004A3499 /* Resources */,
				B94C3762215B05A600BA7267 /* Info.plist */,
			);
			path = DependencyInjection;
			sourceTree = "<group>";
		};
		B94C376A215B05A600BA7267 /* DependencyInjectionTests */ = {
			isa = PBXGroup;
			children = (
				B94C376B215B05A600BA7267 /* DependencyInjectionTests.swift */,
				B94C376D215B05A600BA7267 /* Info.plist */,
			);
			path = DependencyInjectionTests;
			sourceTree = "<group>";
		};
		B94C3775215B05A600BA7267 /* DependencyInjectionUITests */ = {
			isa = PBXGroup;
			children = (
				B94C3776215B05A600BA7267 /* DependencyInjectionUITests.swift */,
				B94C3778215B05A600BA7267 /* Info.plist */,
			);
			path = DependencyInjectionUITests;
			sourceTree = "<group>";
		};
/* End PBXGroup section */

/* Begin PBXNativeTarget section */
		B94C3752215B05A300BA7267 /* DependencyInjection */ = {
			isa = PBXNativeTarget;
			buildConfigurationList = B94C377B215B05A600BA7267 /* Build configuration list for PBXNativeTarget "DependencyInjection" */;
			buildPhases = (
				B94C374F215B05A300BA7267 /* Sources */,
				B94C3750215B05A300BA7267 /* Frameworks */,
				B94C3751215B05A300BA7267 /* Resources */,
			);
			buildRules = (
			);
			dependencies = (
			);
			name = DependencyInjection;
			productName = DependencyInjection;
			productReference = B94C3753215B05A300BA7267 /* DependencyInjection.app */;
			productType = "com.apple.product-type.application";
		};
		B94C3766215B05A600BA7267 /* DependencyInjectionTests */ = {
			isa = PBXNativeTarget;
			buildConfigurationList = B94C377E215B05A600BA7267 /* Build configuration list for PBXNativeTarget "DependencyInjectionTests" */;
			buildPhases = (
				B94C3763215B05A600BA7267 /* Sources */,
				B94C3764215B05A600BA7267 /* Frameworks */,
				B94C3765215B05A600BA7267 /* Resources */,
			);
			buildRules = (
			);
			dependencies = (
				B94C3769215B05A600BA7267 /* PBXTargetDependency */,
			);
			name = DependencyInjectionTests;
			productName = DependencyInjectionTests;
			productReference = B94C3767215B05A600BA7267 /* DependencyInjectionTests.xctest */;
			productType = "com.apple.product-type.bundle.unit-test";
		};
		B94C3771215B05A600BA7267 /* DependencyInjectionUITests */ = {
			isa = PBXNativeTarget;
			buildConfigurationList = B94C3781215B05A600BA7267 /* Build configuration list for PBXNativeTarget "DependencyInjectionUITests" */;
			buildPhases = (
				B94C376E215B05A600BA7267 /* Sources */,
				B94C376F215B05A600BA7267 /* Frameworks */,
				B94C3770215B05A600BA7267 /* Resources */,
			);
			buildRules = (
			);
			dependencies = (
				B94C3774215B05A600BA7267 /* PBXTargetDependency */,
			);
			name = DependencyInjectionUITests;
			productName = DependencyInjectionUITests;
			productReference = B94C3772215B05A600BA7267 /* DependencyInjectionUITests.xctest */;
			productType = "com.apple.product-type.bundle.ui-testing";
		};
/* End PBXNativeTarget section */

/* Begin PBXProject section */
		B94C374B215B05A300BA7267 /* Project object */ = {
			isa = PBXProject;
			attributes = {
				LastSwiftUpdateCheck = 0940;
				LastUpgradeCheck = 0940;
				ORGANIZATIONNAME = Xorture;
				TargetAttributes = {
					B94C3752215B05A300BA7267 = {
						CreatedOnToolsVersion = 9.4.1;
					};
					B94C3766215B05A600BA7267 = {
						CreatedOnToolsVersion = 9.4.1;
						TestTargetID = B94C3752215B05A300BA7267;
					};
					B94C3771215B05A600BA7267 = {
						CreatedOnToolsVersion = 9.4.1;
						TestTargetID = B94C3752215B05A300BA7267;
					};
				};
			};
			buildConfigurationList = B94C374E215B05A300BA7267 /* Build configuration list for PBXProject "DependencyInjection" */;
			compatibilityVersion = "Xcode 9.3";
			developmentRegion = en;
			hasScannedForEncodings = 0;
			knownRegions = (
				en,
				Base,
			);
			mainGroup = B94C374A215B05A300BA7267;
			productRefGroup = B94C3754215B05A300BA7267 /* Products */;
			projectDirPath = "";
			projectRoot = "";
			targets = (
				B94C3752215B05A300BA7267 /* DependencyInjection */,
				B94C3766215B05A600BA7267 /* DependencyInjectionTests */,
				B94C3771215B05A600BA7267 /* DependencyInjectionUITests */,
			);
		};
/* End PBXProject section */

/* Begin PBXResourcesBuildPhase section */
		B94C3751215B05A300BA7267 /* Resources */ = {
			isa = PBXResourcesBuildPhase;
			buildActionMask = 2147483647;
			files = (
				B94760AA21626777004A3499 /* Main.storyboard in Resources */,
				B94760A921626777004A3499 /* LaunchScreen.storyboard in Resources */,
				B94760A22162626B004A3499 /* List.json in Resources */,
				B94760AB21626777004A3499 /* Assets.xcassets in Resources */,
			);
			runOnlyForDeploymentPostprocessing = 0;
		};
		B94C3765215B05A600BA7267 /* Resources */ = {
			isa = PBXResourcesBuildPhase;
			buildActionMask = 2147483647;
			files = (
			);
			runOnlyForDeploymentPostprocessing = 0;
		};
		B94C3770215B05A600BA7267 /* Resources */ = {
			isa = PBXResourcesBuildPhase;
			buildActionMask = 2147483647;
			files = (
			);
			runOnlyForDeploymentPostprocessing = 0;
		};
/* End PBXResourcesBuildPhase section */

/* Begin PBXSourcesBuildPhase section */
		B94C374F215B05A300BA7267 /* Sources */ = {
			isa = PBXSourcesBuildPhase;
			buildActionMask = 2147483647;
			files = (
				B900FD79215FF68900D48B44 /* BaseInjectionPattern.swift in Sources */,
				B900FD66215C59D200D48B44 /* BaseDataModel.swift in Sources */,
				B900FD75215FDD3800D48B44 /* BaseInjectionSegue.swift in Sources */,
				B900FD62215C592800D48B44 /* RestAdapter.swift in Sources */,
				B94C3757215B05A300BA7267 /* AppDelegate.swift in Sources */,
				B900FD68215C64A200D48B44 /* ListDataModel.swift in Sources */,
				B900FD822161299C00D48B44 /* PreviewViewController.swift in Sources */,
				B900FD7D21600D6900D48B44 /* ListJsonDecode.swift in Sources */,
				B900FD73215D671600D48B44 /* DetailsDataModel.swift in Sources */,
				B900FD8621612D8400D48B44 /* PreviewDataModel.swift in Sources */,
				B900FD61215C592800D48B44 /* ListTableViewController.swift in Sources */,
				B900FD71215D66FE00D48B44 /* DetailsViewModel.swift in Sources */,
				B900FD7F2160134400D48B44 /* BaseViewModelPattern.swift in Sources */,
				B900FD6A215C64C500D48B44 /* ListViewModel.swift in Sources */,
				B900FD64215C595C00D48B44 /* BaseViewModel.swift in Sources */,
				B900FD6F215D66E000D48B44 /* DetailsViewController.swift in Sources */,
				B900FD8421612D5D00D48B44 /* PreviewViewModel.swift in Sources */,
			);
			runOnlyForDeploymentPostprocessing = 0;
		};
		B94C3763215B05A600BA7267 /* Sources */ = {
			isa = PBXSourcesBuildPhase;
			buildActionMask = 2147483647;
			files = (
				B94C376C215B05A600BA7267 /* DependencyInjectionTests.swift in Sources */,
			);
			runOnlyForDeploymentPostprocessing = 0;
		};
		B94C376E215B05A600BA7267 /* Sources */ = {
			isa = PBXSourcesBuildPhase;
			buildActionMask = 2147483647;
			files = (
				B94C3777215B05A600BA7267 /* DependencyInjectionUITests.swift in Sources */,
			);
			runOnlyForDeploymentPostprocessing = 0;
		};
/* End PBXSourcesBuildPhase section */

/* Begin PBXTargetDependency section */
		B94C3769215B05A600BA7267 /* PBXTargetDependency */ = {
			isa = PBXTargetDependency;
			target = B94C3752215B05A300BA7267 /* DependencyInjection */;
			targetProxy = B94C3768215B05A600BA7267 /* PBXContainerItemProxy */;
		};
		B94C3774215B05A600BA7267 /* PBXTargetDependency */ = {
			isa = PBXTargetDependency;
			target = B94C3752215B05A300BA7267 /* DependencyInjection */;
			targetProxy = B94C3773215B05A600BA7267 /* PBXContainerItemProxy */;
		};
/* End PBXTargetDependency section */

/* Begin PBXVariantGroup section */
		B94760A421626777004A3499 /* LaunchScreen.storyboard */ = {
			isa = PBXVariantGroup;
			children = (
				B94760A521626777004A3499 /* Base */,
			);
			name = LaunchScreen.storyboard;
			sourceTree = "<group>";
		};
		B94760A621626777004A3499 /* Main.storyboard */ = {
			isa = PBXVariantGroup;
			children = (
				B94760A721626777004A3499 /* Base */,
			);
			name = Main.storyboard;
			sourceTree = "<group>";
		};
/* End PBXVariantGroup section */

/* Begin XCBuildConfiguration section */
		B94C3779215B05A600BA7267 /* Debug */ = {
			isa = XCBuildConfiguration;
			buildSettings = {
				ALWAYS_SEARCH_USER_PATHS = NO;
				CLANG_ANALYZER_NONNULL = YES;
				CLANG_ANALYZER_NUMBER_OBJECT_CONVERSION = YES_AGGRESSIVE;
				CLANG_CXX_LANGUAGE_STANDARD = "gnu++14";
				CLANG_CXX_LIBRARY = "libc++";
				CLANG_ENABLE_MODULES = YES;
				CLANG_ENABLE_OBJC_ARC = YES;
				CLANG_ENABLE_OBJC_WEAK = YES;
				CLANG_WARN_BLOCK_CAPTURE_AUTORELEASING = YES;
				CLANG_WARN_BOOL_CONVERSION = YES;
				CLANG_WARN_COMMA = YES;
				CLANG_WARN_CONSTANT_CONVERSION = YES;
				CLANG_WARN_DEPRECATED_OBJC_IMPLEMENTATIONS = YES;
				CLANG_WARN_DIRECT_OBJC_ISA_USAGE = YES_ERROR;
				CLANG_WARN_DOCUMENTATION_COMMENTS = YES;
				CLANG_WARN_EMPTY_BODY = YES;
				CLANG_WARN_ENUM_CONVERSION = YES;
				CLANG_WARN_INFINITE_RECURSION = YES;
				CLANG_WARN_INT_CONVERSION = YES;
				CLANG_WARN_NON_LITERAL_NULL_CONVERSION = YES;
				CLANG_WARN_OBJC_IMPLICIT_RETAIN_SELF = YES;
				CLANG_WARN_OBJC_LITERAL_CONVERSION = YES;
				CLANG_WARN_OBJC_ROOT_CLASS = YES_ERROR;
				CLANG_WARN_RANGE_LOOP_ANALYSIS = YES;
				CLANG_WARN_STRICT_PROTOTYPES = YES;
				CLANG_WARN_SUSPICIOUS_MOVE = YES;
				CLANG_WARN_UNGUARDED_AVAILABILITY = YES_AGGRESSIVE;
				CLANG_WARN_UNREACHABLE_CODE = YES;
				CLANG_WARN__DUPLICATE_METHOD_MATCH = YES;
				CODE_SIGN_IDENTITY = "iPhone Developer";
				COPY_PHASE_STRIP = NO;
				DEBUG_INFORMATION_FORMAT = dwarf;
				ENABLE_STRICT_OBJC_MSGSEND = YES;
				ENABLE_TESTABILITY = YES;
				GCC_C_LANGUAGE_STANDARD = gnu11;
				GCC_DYNAMIC_NO_PIC = NO;
				GCC_NO_COMMON_BLOCKS = YES;
				GCC_OPTIMIZATION_LEVEL = 0;
				GCC_PREPROCESSOR_DEFINITIONS = (
					"DEBUG=1",
					"$(inherited)",
				);
				GCC_WARN_64_TO_32_BIT_CONVERSION = YES;
				GCC_WARN_ABOUT_RETURN_TYPE = YES_ERROR;
				GCC_WARN_UNDECLARED_SELECTOR = YES;
				GCC_WARN_UNINITIALIZED_AUTOS = YES_AGGRESSIVE;
				GCC_WARN_UNUSED_FUNCTION = YES;
				GCC_WARN_UNUSED_VARIABLE = YES;
				IPHONEOS_DEPLOYMENT_TARGET = 11.4;
				MTL_ENABLE_DEBUG_INFO = YES;
				ONLY_ACTIVE_ARCH = YES;
				SDKROOT = iphoneos;
				SWIFT_ACTIVE_COMPILATION_CONDITIONS = DEBUG;
				SWIFT_OPTIMIZATION_LEVEL = "-Onone";
			};
			name = Debug;
		};
		B94C377A215B05A600BA7267 /* Release */ = {
			isa = XCBuildConfiguration;
			buildSettings = {
				ALWAYS_SEARCH_USER_PATHS = NO;
				CLANG_ANALYZER_NONNULL = YES;
				CLANG_ANALYZER_NUMBER_OBJECT_CONVERSION = YES_AGGRESSIVE;
				CLANG_CXX_LANGUAGE_STANDARD = "gnu++14";
				CLANG_CXX_LIBRARY = "libc++";
				CLANG_ENABLE_MODULES = YES;
				CLANG_ENABLE_OBJC_ARC = YES;
				CLANG_ENABLE_OBJC_WEAK = YES;
				CLANG_WARN_BLOCK_CAPTURE_AUTORELEASING = YES;
				CLANG_WARN_BOOL_CONVERSION = YES;
				CLANG_WARN_COMMA = YES;
				CLANG_WARN_CONSTANT_CONVERSION = YES;
				CLANG_WARN_DEPRECATED_OBJC_IMPLEMENTATIONS = YES;
				CLANG_WARN_DIRECT_OBJC_ISA_USAGE = YES_ERROR;
				CLANG_WARN_DOCUMENTATION_COMMENTS = YES;
				CLANG_WARN_EMPTY_BODY = YES;
				CLANG_WARN_ENUM_CONVERSION = YES;
				CLANG_WARN_INFINITE_RECURSION = YES;
				CLANG_WARN_INT_CONVERSION = YES;
				CLANG_WARN_NON_LITERAL_NULL_CONVERSION = YES;
				CLANG_WARN_OBJC_IMPLICIT_RETAIN_SELF = YES;
				CLANG_WARN_OBJC_LITERAL_CONVERSION = YES;
				CLANG_WARN_OBJC_ROOT_CLASS = YES_ERROR;
				CLANG_WARN_RANGE_LOOP_ANALYSIS = YES;
				CLANG_WARN_STRICT_PROTOTYPES = YES;
				CLANG_WARN_SUSPICIOUS_MOVE = YES;
				CLANG_WARN_UNGUARDED_AVAILABILITY = YES_AGGRESSIVE;
				CLANG_WARN_UNREACHABLE_CODE = YES;
				CLANG_WARN__DUPLICATE_METHOD_MATCH = YES;
				CODE_SIGN_IDENTITY = "iPhone Developer";
				COPY_PHASE_STRIP = NO;
				DEBUG_INFORMATION_FORMAT = "dwarf-with-dsym";
				ENABLE_NS_ASSERTIONS = NO;
				ENABLE_STRICT_OBJC_MSGSEND = YES;
				GCC_C_LANGUAGE_STANDARD = gnu11;
				GCC_NO_COMMON_BLOCKS = YES;
				GCC_WARN_64_TO_32_BIT_CONVERSION = YES;
				GCC_WARN_ABOUT_RETURN_TYPE = YES_ERROR;
				GCC_WARN_UNDECLARED_SELECTOR = YES;
				GCC_WARN_UNINITIALIZED_AUTOS = YES_AGGRESSIVE;
				GCC_WARN_UNUSED_FUNCTION = YES;
				GCC_WARN_UNUSED_VARIABLE = YES;
				IPHONEOS_DEPLOYMENT_TARGET = 11.4;
				MTL_ENABLE_DEBUG_INFO = NO;
				SDKROOT = iphoneos;
				SWIFT_COMPILATION_MODE = wholemodule;
				SWIFT_OPTIMIZATION_LEVEL = "-O";
				VALIDATE_PRODUCT = YES;
			};
			name = Release;
		};
		B94C377C215B05A600BA7267 /* Debug */ = {
			isa = XCBuildConfiguration;
			buildSettings = {
				ASSETCATALOG_COMPILER_APPICON_NAME = AppIcon;
				CODE_SIGN_STYLE = Automatic;
				DEVELOPMENT_TEAM = 5E2GFLNUNY;
				INFOPLIST_FILE = DependencyInjection/Info.plist;
				LD_RUNPATH_SEARCH_PATHS = (
					"$(inherited)",
					"@executable_path/Frameworks",
				);
				PRODUCT_BUNDLE_IDENTIFIER = "Kanwar-Zorawar-Singh-Rana.DependencyInjection";
				PRODUCT_NAME = "$(TARGET_NAME)";
				SWIFT_VERSION = 4.0;
				TARGETED_DEVICE_FAMILY = "1,2";
			};
			name = Debug;
		};
		B94C377D215B05A600BA7267 /* Release */ = {
			isa = XCBuildConfiguration;
			buildSettings = {
				ASSETCATALOG_COMPILER_APPICON_NAME = AppIcon;
				CODE_SIGN_STYLE = Automatic;
				DEVELOPMENT_TEAM = 5E2GFLNUNY;
				INFOPLIST_FILE = DependencyInjection/Info.plist;
				LD_RUNPATH_SEARCH_PATHS = (
					"$(inherited)",
					"@executable_path/Frameworks",
				);
				PRODUCT_BUNDLE_IDENTIFIER = "Kanwar-Zorawar-Singh-Rana.DependencyInjection";
				PRODUCT_NAME = "$(TARGET_NAME)";
				SWIFT_VERSION = 4.0;
				TARGETED_DEVICE_FAMILY = "1,2";
			};
			name = Release;
		};
		B94C377F215B05A600BA7267 /* Debug */ = {
			isa = XCBuildConfiguration;
			buildSettings = {
				ALWAYS_EMBED_SWIFT_STANDARD_LIBRARIES = YES;
				BUNDLE_LOADER = "$(TEST_HOST)";
				CODE_SIGN_STYLE = Automatic;
				DEVELOPMENT_TEAM = 5E2GFLNUNY;
				INFOPLIST_FILE = DependencyInjectionTests/Info.plist;
				LD_RUNPATH_SEARCH_PATHS = (
					"$(inherited)",
					"@executable_path/Frameworks",
					"@loader_path/Frameworks",
				);
				PRODUCT_BUNDLE_IDENTIFIER = "Kanwar-Zorawar-Singh-Rana.DependencyInjectionTests";
				PRODUCT_NAME = "$(TARGET_NAME)";
				SWIFT_VERSION = 4.0;
				TARGETED_DEVICE_FAMILY = "1,2";
				TEST_HOST = "$(BUILT_PRODUCTS_DIR)/DependencyInjection.app/DependencyInjection";
			};
			name = Debug;
		};
		B94C3780215B05A600BA7267 /* Release */ = {
			isa = XCBuildConfiguration;
			buildSettings = {
				ALWAYS_EMBED_SWIFT_STANDARD_LIBRARIES = YES;
				BUNDLE_LOADER = "$(TEST_HOST)";
				CODE_SIGN_STYLE = Automatic;
				DEVELOPMENT_TEAM = 5E2GFLNUNY;
				INFOPLIST_FILE = DependencyInjectionTests/Info.plist;
				LD_RUNPATH_SEARCH_PATHS = (
					"$(inherited)",
					"@executable_path/Frameworks",
					"@loader_path/Frameworks",
				);
				PRODUCT_BUNDLE_IDENTIFIER = "Kanwar-Zorawar-Singh-Rana.DependencyInjectionTests";
				PRODUCT_NAME = "$(TARGET_NAME)";
				SWIFT_VERSION = 4.0;
				TARGETED_DEVICE_FAMILY = "1,2";
				TEST_HOST = "$(BUILT_PRODUCTS_DIR)/DependencyInjection.app/DependencyInjection";
			};
			name = Release;
		};
		B94C3782215B05A600BA7267 /* Debug */ = {
			isa = XCBuildConfiguration;
			buildSettings = {
				ALWAYS_EMBED_SWIFT_STANDARD_LIBRARIES = YES;
				CODE_SIGN_STYLE = Automatic;
				DEVELOPMENT_TEAM = 5E2GFLNUNY;
				INFOPLIST_FILE = DependencyInjectionUITests/Info.plist;
				LD_RUNPATH_SEARCH_PATHS = (
					"$(inherited)",
					"@executable_path/Frameworks",
					"@loader_path/Frameworks",
				);
				PRODUCT_BUNDLE_IDENTIFIER = "Kanwar-Zorawar-Singh-Rana.DependencyInjectionUITests";
				PRODUCT_NAME = "$(TARGET_NAME)";
				SWIFT_VERSION = 4.0;
				TARGETED_DEVICE_FAMILY = "1,2";
				TEST_TARGET_NAME = DependencyInjection;
			};
			name = Debug;
		};
		B94C3783215B05A600BA7267 /* Release */ = {
			isa = XCBuildConfiguration;
			buildSettings = {
				ALWAYS_EMBED_SWIFT_STANDARD_LIBRARIES = YES;
				CODE_SIGN_STYLE = Automatic;
				DEVELOPMENT_TEAM = 5E2GFLNUNY;
				INFOPLIST_FILE = DependencyInjectionUITests/Info.plist;
				LD_RUNPATH_SEARCH_PATHS = (
					"$(inherited)",
					"@executable_path/Frameworks",
					"@loader_path/Frameworks",
				);
				PRODUCT_BUNDLE_IDENTIFIER = "Kanwar-Zorawar-Singh-Rana.DependencyInjectionUITests";
				PRODUCT_NAME = "$(TARGET_NAME)";
				SWIFT_VERSION = 4.0;
				TARGETED_DEVICE_FAMILY = "1,2";
				TEST_TARGET_NAME = DependencyInjection;
			};
			name = Release;
		};
/* End XCBuildConfiguration section */

/* Begin XCConfigurationList section */
		B94C374E215B05A300BA7267 /* Build configuration list for PBXProject "DependencyInjection" */ = {
			isa = XCConfigurationList;
			buildConfigurations = (
				B94C3779215B05A600BA7267 /* Debug */,
				B94C377A215B05A600BA7267 /* Release */,
			);
			defaultConfigurationIsVisible = 0;
			defaultConfigurationName = Release;
		};
		B94C377B215B05A600BA7267 /* Build configuration list for PBXNativeTarget "DependencyInjection" */ = {
			isa = XCConfigurationList;
			buildConfigurations = (
				B94C377C215B05A600BA7267 /* Debug */,
				B94C377D215B05A600BA7267 /* Release */,
			);
			defaultConfigurationIsVisible = 0;
			defaultConfigurationName = Release;
		};
		B94C377E215B05A600BA7267 /* Build configuration list for PBXNativeTarget "DependencyInjectionTests" */ = {
			isa = XCConfigurationList;
			buildConfigurations = (
				B94C377F215B05A600BA7267 /* Debug */,
				B94C3780215B05A600BA7267 /* Release */,
			);
			defaultConfigurationIsVisible = 0;
			defaultConfigurationName = Release;
		};
		B94C3781215B05A600BA7267 /* Build configuration list for PBXNativeTarget "DependencyInjectionUITests" */ = {
			isa = XCConfigurationList;
			buildConfigurations = (
				B94C3782215B05A600BA7267 /* Debug */,
				B94C3783215B05A600BA7267 /* Release */,
			);
			defaultConfigurationIsVisible = 0;
			defaultConfigurationName = Release;
		};
/* End XCConfigurationList section */
	};
	rootObject = B94C374B215B05A300BA7267 /* Project object */;
}
